Microsoft Visual Studio Solution File, Format Version 12.00
# Visual Studio Version 17
VisualStudioVersion = 17.5.2.0
MinimumVisualStudioVersion = 10.0.40219.1
Project("{FAE04EC0-301F-11D3-BF4B-00C04F79EFBC}") = "MyAPIv3", "MyAPIv3.csproj", "{C2079D19-511B-7EE9-1FB9-4085EBC33DC8}"
EndProject
Global
	GlobalSection(SolutionConfigurationPlatforms) = preSolution
		Debug|Any CPU = Debug|Any CPU
		Release|Any CPU = Release|Any CPU
	EndGlobalSection
	GlobalSection(ProjectConfigurationPlatforms) = postSolution
		{C2079D19-511B-7EE9-1FB9-4085EBC33DC8}.Debug|Any CPU.ActiveCfg = Debug|Any CPU
		{C2079D19-511B-7EE9-1FB9-4085EBC33DC8}.Debug|Any CPU.Build.0 = Debug|Any CPU
		{C2079D19-511B-7EE9-1FB9-4085EBC33DC8}.Release|Any CPU.ActiveCfg = Release|Any CPU
		{C2079D19-511B-7EE9-1FB9-4085EBC33DC8}.Release|Any CPU.Build.0 = Release|Any CPU
	EndGlobalSection
	GlobalSection(SolutionProperties) = preSolution
		HideSolutionNode = FALSE
	EndGlobalSection
	GlobalSection(ExtensibilityGlobals) = postSolution
		SolutionGuid = {2ACC4139-0CD4-46E7-8F24-7552C396087B}
	EndGlobalSection
EndGlobal
